
Microsoft Visual Studio Solution File, Format Version 12.00
# Visual Studio Version 17
VisualStudioVersion = 17.9.34607.119
MinimumVisualStudioVersion = 10.0.40219.1
Project("{8BC9CEB8-8B4A-11D0-8D11-00A0C91BC942}") = "SortQuick", "SortQuick\SortQuick.vcxproj", "{2D754A94-6E5C-4207-8851-67CC74B06981}"
EndProject
Global
	GlobalSection(SolutionConfigurationPlatforms) = preSolution
		Debug|x64 = Debug|x64
		Debug|x86 = Debug|x86
		Release|x64 = Release|x64
		Release|x86 = Release|x86
	EndGlobalSection
	GlobalSection(ProjectConfigurationPlatforms) = postSolution
		{2D754A94-6E5C-4207-8851-67CC74B06981}.Debug|x64.ActiveCfg = Debug|x64
		{2D754A94-6E5C-4207-8851-67CC74B06981}.Debug|x64.Build.0 = Debug|x64
		{2D754A94-6E5C-4207-8851-67CC74B06981}.Debug|x86.ActiveCfg = Debug|Win32
		{2D754A94-6E5C-4207-8851-67CC74B06981}.Debug|x86.Build.0 = Debug|Win32
		{2D754A94-6E5C-4207-8851-67CC74B06981}.Release|x64.ActiveCfg = Release|x64
		{2D754A94-6E5C-4207-8851-67CC74B06981}.Release|x64.Build.0 = Release|x64
		{2D754A94-6E5C-4207-8851-67CC74B06981}.Release|x86.ActiveCfg = Release|Win32
		{2D754A94-6E5C-4207-8851-67CC74B06981}.Release|x86.Build.0 = Release|Win32
	EndGlobalSection
	GlobalSection(SolutionProperties) = preSolution
		HideSolutionNode = FALSE
	EndGlobalSection
	GlobalSection(ExtensibilityGlobals) = postSolution
		SolutionGuid = {3768661D-4360-445B-9508-0A3A9C6529ED}
	EndGlobalSection
EndGlobal
